
Microsoft Visual Studio Solution File, Format Version 12.00
# Visual Studio Version 16
VisualStudioVersion = 16.0.28729.10
MinimumVisualStudioVersion = 10.0.40219.1
Project("{FAE04EC0-301F-11D3-BF4B-00C04F79EFBC}") = "FirstDemoNFC", "FirstDemoNFC\FirstDemoNFC.csproj", "{7DF0643A-D9EB-4B9E-80D8-6E22DC942B55}"
EndProject
Project("{FAE04EC0-301F-11D3-BF4B-00C04F79EFBC}") = "SecondDemoNFC", "SecondDemoNFC\SecondDemoNFC.csproj", "{6B29D0A2-22FF-4687-8888-DE9830B9E1C1}"
EndProject
Global
	GlobalSection(SolutionConfigurationPlatforms) = preSolution
		Debug|Any CPU = Debug|Any CPU
		Release|Any CPU = Release|Any CPU
	EndGlobalSection
	GlobalSection(ProjectConfigurationPlatforms) = postSolution
		{7DF0643A-D9EB-4B9E-80D8-6E22DC942B55}.Debug|Any CPU.ActiveCfg = Debug|Any CPU
		{7DF0643A-D9EB-4B9E-80D8-6E22DC942B55}.Debug|Any CPU.Build.0 = Debug|Any CPU
		{7DF0643A-D9EB-4B9E-80D8-6E22DC942B55}.Release|Any CPU.ActiveCfg = Release|Any CPU
		{7DF0643A-D9EB-4B9E-80D8-6E22DC942B55}.Release|Any CPU.Build.0 = Release|Any CPU
		{6B29D0A2-22FF-4687-8888-DE9830B9E1C1}.Debug|Any CPU.ActiveCfg = Debug|Any CPU
		{6B29D0A2-22FF-4687-8888-DE9830B9E1C1}.Debug|Any CPU.Build.0 = Debug|Any CPU
		{6B29D0A2-22FF-4687-8888-DE9830B9E1C1}.Release|Any CPU.ActiveCfg = Release|Any CPU
		{6B29D0A2-22FF-4687-8888-DE9830B9E1C1}.Release|Any CPU.Build.0 = Release|Any CPU
	EndGlobalSection
	GlobalSection(SolutionProperties) = preSolution
		HideSolutionNode = FALSE
	EndGlobalSection
	GlobalSection(ExtensibilityGlobals) = postSolution
		SolutionGuid = {C50335F5-9B4C-49AB-8929-064CB256286C}
	EndGlobalSection
EndGlobal
