
Microsoft Visual Studio Solution File, Format Version 12.00
# Visual Studio Version 16
VisualStudioVersion = 16.0.28729.10
MinimumVisualStudioVersion = 10.0.40219.1
Project("{9A19103F-16F7-4668-BE54-9A1E7A4F7556}") = "ContactlessLoyalty", "ContactlessLoyalty\ContactlessLoyalty.csproj", "{E17BA111-D26A-457E-8BA3-BDF622FE7D19}"
EndProject
Project("{9A19103F-16F7-4668-BE54-9A1E7A4F7556}") = "LoyaltyCardApi", "LoyaltyCardApi\LoyaltyCardApi.csproj", "{A69EA9B4-8DA8-44A2-9109-E7C78095E079}"
EndProject
Global
	GlobalSection(SolutionConfigurationPlatforms) = preSolution
		Debug|Any CPU = Debug|Any CPU
		Release|Any CPU = Release|Any CPU
	EndGlobalSection
	GlobalSection(ProjectConfigurationPlatforms) = postSolution
		{E17BA111-D26A-457E-8BA3-BDF622FE7D19}.Debug|Any CPU.ActiveCfg = Debug|Any CPU
		{E17BA111-D26A-457E-8BA3-BDF622FE7D19}.Debug|Any CPU.Build.0 = Debug|Any CPU
		{E17BA111-D26A-457E-8BA3-BDF622FE7D19}.Release|Any CPU.ActiveCfg = Release|Any CPU
		{E17BA111-D26A-457E-8BA3-BDF622FE7D19}.Release|Any CPU.Build.0 = Release|Any CPU
		{A69EA9B4-8DA8-44A2-9109-E7C78095E079}.Debug|Any CPU.ActiveCfg = Debug|Any CPU
		{A69EA9B4-8DA8-44A2-9109-E7C78095E079}.Debug|Any CPU.Build.0 = Debug|Any CPU
		{A69EA9B4-8DA8-44A2-9109-E7C78095E079}.Release|Any CPU.ActiveCfg = Release|Any CPU
		{A69EA9B4-8DA8-44A2-9109-E7C78095E079}.Release|Any CPU.Build.0 = Release|Any CPU
	EndGlobalSection
	GlobalSection(SolutionProperties) = preSolution
		HideSolutionNode = FALSE
	EndGlobalSection
	GlobalSection(ExtensibilityGlobals) = postSolution
		SolutionGuid = {059F29E5-DFEE-4FA4-A027-F833667AEE4E}
	EndGlobalSection
EndGlobal
